
Microsoft Visual Studio Solution File, Format Version 12.00
# Visual Studio 2013
VisualStudioVersion = 12.0.30501.0
MinimumVisualStudioVersion = 10.0.40219.1
Project("{FAE04EC0-301F-11D3-BF4B-00C04F79EFBC}") = "Exercise2", "Exercise2\Exercise2.csproj", "{E5D14475-949F-4FC7-8210-E360F479B52C}"
EndProject
Project("{2150E333-8FDC-42A3-9474-1A3956D46DE8}") = "Data", "Data", "{F452DFA4-0DBB-498E-A26D-BB0F42BAD183}"
EndProject
Project("{2150E333-8FDC-42A3-9474-1A3956D46DE8}") = "Tests", "Tests", "{ADE31DBC-22F2-4FD7-B694-F6CE9557A0BB}"
EndProject
Project("{FAE04EC0-301F-11D3-BF4B-00C04F79EFBC}") = "Exercise.Tests", "Exercise.Tests\Exercise.Tests.csproj", "{D65805FD-65FD-4C1C-BC4B-72C638DD7A69}"
EndProject
Project("{FAE04EC0-301F-11D3-BF4B-00C04F79EFBC}") = "DataLayer", "DataLayer\DataLayer.csproj", "{039F8EF6-9FDC-45E2-AC0A-1A427298FDD3}"
EndProject
Project("{FAE04EC0-301F-11D3-BF4B-00C04F79EFBC}") = "DomainClasses", "DomainClasses\DomainClasses.csproj", "{C24D641F-1254-4D33-88AF-DA498CD34E65}"
EndProject
Project("{FAE04EC0-301F-11D3-BF4B-00C04F79EFBC}") = "DataLayerMappings", "DataLayerMappings\DataLayerMappings.csproj", "{347277D7-6342-4814-8BDB-4B792443FFD3}"
EndProject
Project("{2150E333-8FDC-42A3-9474-1A3956D46DE8}") = "Core", "Core", "{C85B36E2-BD70-464B-A4E6-E111621F35DA}"
EndProject
Project("{FAE04EC0-301F-11D3-BF4B-00C04F79EFBC}") = "Utilities", "Utilities\Utilities.csproj", "{B82454FB-7323-4DE9-A7AD-B903B9040B55}"
EndProject
Project("{FAE04EC0-301F-11D3-BF4B-00C04F79EFBC}") = "Utilities.Tests", "Utilities.Tests\Utilities.Tests.csproj", "{0C8BF960-6AF5-42AF-9268-0EF002DD6FE5}"
EndProject
Project("{FAE04EC0-301F-11D3-BF4B-00C04F79EFBC}") = "DomainClasses.Tests", "DomainClasses.Tests\DomainClasses.Tests.csproj", "{5CF25BE0-A01C-43AC-AC46-3D2D35304C5F}"
EndProject
Project("{2150E333-8FDC-42A3-9474-1A3956D46DE8}") = "BoundedContexts", "BoundedContexts", "{DA5EA6B5-1C12-40CB-9511-0AF3AE473E77}"
EndProject
Project("{2150E333-8FDC-42A3-9474-1A3956D46DE8}") = "RepoAndUOW", "RepoAndUOW", "{85E7184B-C552-4E30-B205-1B1122EBBCFC}"
EndProject
Project("{FAE04EC0-301F-11D3-BF4B-00C04F79EFBC}") = "UserBoundedContext", "AuthenticationBoundedContext\UserBoundedContext.csproj", "{D9369408-BE90-421C-9DD5-3397BB1A4140}"
EndProject
Project("{FAE04EC0-301F-11D3-BF4B-00C04F79EFBC}") = "BlogBoundedContext", "BlogBoundedContext\BlogBoundedContext.csproj", "{16B8DCA9-477E-4A6F-97C5-458E16E3EC5F}"
EndProject
Project("{FAE04EC0-301F-11D3-BF4B-00C04F79EFBC}") = "UserRepoAndUOW", "AuthenticationRepoAndUOW\UserRepoAndUOW.csproj", "{4E1C432B-10E1-456A-858A-362F96A1D14B}"
EndProject
Project("{FAE04EC0-301F-11D3-BF4B-00C04F79EFBC}") = "BlogRepoAndUOW", "BlogRepoAndUOW\BlogRepoAndUOW.csproj", "{1B7C611E-5B76-4862-B5A3-95A13FFADEDD}"
EndProject
Project("{2150E333-8FDC-42A3-9474-1A3956D46DE8}") = "Data", "Data", "{F31AFB7D-193C-4EE9-94AE-8021A7FA3E16}"
EndProject
Project("{2150E333-8FDC-42A3-9474-1A3956D46DE8}") = "Core", "Core", "{72D495B7-B8AA-4446-8276-D9616308FC43}"
EndProject
Project("{2150E333-8FDC-42A3-9474-1A3956D46DE8}") = ".nuget", ".nuget", "{FBF0CBEF-72E6-4B4F-801F-F7ACB67CC7E3}"
	ProjectSection(SolutionItems) = preProject
		.nuget\NuGet.Config = .nuget\NuGet.Config
		.nuget\NuGet.exe = .nuget\NuGet.exe
		.nuget\NuGet.targets = .nuget\NuGet.targets
	EndProjectSection
EndProject
Project("{2150E333-8FDC-42A3-9474-1A3956D46DE8}") = "RepoAndUOW", "RepoAndUOW", "{2C204E51-2F52-467C-9C8E-3FF86E2C1AB1}"
EndProject
Project("{FAE04EC0-301F-11D3-BF4B-00C04F79EFBC}") = "UserRepoAndUOWTest", "AuthenticationRepoAndUOWTest\UserRepoAndUOWTest.csproj", "{B2BB90EA-A789-48AA-A68D-C5F4B3502CF2}"
EndProject
Project("{FAE04EC0-301F-11D3-BF4B-00C04F79EFBC}") = "BlogRepoAndUOWTest", "BlogRepoAndUOWTest\BlogRepoAndUOWTest.csproj", "{2BA49531-2B90-4717-BACB-B2E7078CE3B4}"
EndProject
Global
	GlobalSection(SolutionConfigurationPlatforms) = preSolution
		Debug|Any CPU = Debug|Any CPU
		Release|Any CPU = Release|Any CPU
	EndGlobalSection
	GlobalSection(ProjectConfigurationPlatforms) = postSolution
		{E5D14475-949F-4FC7-8210-E360F479B52C}.Debug|Any CPU.ActiveCfg = Debug|Any CPU
		{E5D14475-949F-4FC7-8210-E360F479B52C}.Debug|Any CPU.Build.0 = Debug|Any CPU
		{E5D14475-949F-4FC7-8210-E360F479B52C}.Release|Any CPU.ActiveCfg = Release|Any CPU
		{E5D14475-949F-4FC7-8210-E360F479B52C}.Release|Any CPU.Build.0 = Release|Any CPU
		{D65805FD-65FD-4C1C-BC4B-72C638DD7A69}.Debug|Any CPU.ActiveCfg = Debug|Any CPU
		{D65805FD-65FD-4C1C-BC4B-72C638DD7A69}.Debug|Any CPU.Build.0 = Debug|Any CPU
		{D65805FD-65FD-4C1C-BC4B-72C638DD7A69}.Release|Any CPU.ActiveCfg = Release|Any CPU
		{D65805FD-65FD-4C1C-BC4B-72C638DD7A69}.Release|Any CPU.Build.0 = Release|Any CPU
		{039F8EF6-9FDC-45E2-AC0A-1A427298FDD3}.Debug|Any CPU.ActiveCfg = Debug|Any CPU
		{039F8EF6-9FDC-45E2-AC0A-1A427298FDD3}.Debug|Any CPU.Build.0 = Debug|Any CPU
		{039F8EF6-9FDC-45E2-AC0A-1A427298FDD3}.Release|Any CPU.ActiveCfg = Release|Any CPU
		{039F8EF6-9FDC-45E2-AC0A-1A427298FDD3}.Release|Any CPU.Build.0 = Release|Any CPU
		{C24D641F-1254-4D33-88AF-DA498CD34E65}.Debug|Any CPU.ActiveCfg = Debug|Any CPU
		{C24D641F-1254-4D33-88AF-DA498CD34E65}.Debug|Any CPU.Build.0 = Debug|Any CPU
		{C24D641F-1254-4D33-88AF-DA498CD34E65}.Release|Any CPU.ActiveCfg = Release|Any CPU
		{C24D641F-1254-4D33-88AF-DA498CD34E65}.Release|Any CPU.Build.0 = Release|Any CPU
		{347277D7-6342-4814-8BDB-4B792443FFD3}.Debug|Any CPU.ActiveCfg = Debug|Any CPU
		{347277D7-6342-4814-8BDB-4B792443FFD3}.Debug|Any CPU.Build.0 = Debug|Any CPU
		{347277D7-6342-4814-8BDB-4B792443FFD3}.Release|Any CPU.ActiveCfg = Release|Any CPU
		{347277D7-6342-4814-8BDB-4B792443FFD3}.Release|Any CPU.Build.0 = Release|Any CPU
		{B82454FB-7323-4DE9-A7AD-B903B9040B55}.Debug|Any CPU.ActiveCfg = Debug|Any CPU
		{B82454FB-7323-4DE9-A7AD-B903B9040B55}.Debug|Any CPU.Build.0 = Debug|Any CPU
		{B82454FB-7323-4DE9-A7AD-B903B9040B55}.Release|Any CPU.ActiveCfg = Release|Any CPU
		{B82454FB-7323-4DE9-A7AD-B903B9040B55}.Release|Any CPU.Build.0 = Release|Any CPU
		{0C8BF960-6AF5-42AF-9268-0EF002DD6FE5}.Debug|Any CPU.ActiveCfg = Debug|Any CPU
		{0C8BF960-6AF5-42AF-9268-0EF002DD6FE5}.Debug|Any CPU.Build.0 = Debug|Any CPU
		{0C8BF960-6AF5-42AF-9268-0EF002DD6FE5}.Release|Any CPU.ActiveCfg = Release|Any CPU
		{0C8BF960-6AF5-42AF-9268-0EF002DD6FE5}.Release|Any CPU.Build.0 = Release|Any CPU
		{5CF25BE0-A01C-43AC-AC46-3D2D35304C5F}.Debug|Any CPU.ActiveCfg = Debug|Any CPU
		{5CF25BE0-A01C-43AC-AC46-3D2D35304C5F}.Debug|Any CPU.Build.0 = Debug|Any CPU
		{5CF25BE0-A01C-43AC-AC46-3D2D35304C5F}.Release|Any CPU.ActiveCfg = Release|Any CPU
		{5CF25BE0-A01C-43AC-AC46-3D2D35304C5F}.Release|Any CPU.Build.0 = Release|Any CPU
		{D9369408-BE90-421C-9DD5-3397BB1A4140}.Debug|Any CPU.ActiveCfg = Debug|Any CPU
		{D9369408-BE90-421C-9DD5-3397BB1A4140}.Debug|Any CPU.Build.0 = Debug|Any CPU
		{D9369408-BE90-421C-9DD5-3397BB1A4140}.Release|Any CPU.ActiveCfg = Release|Any CPU
		{D9369408-BE90-421C-9DD5-3397BB1A4140}.Release|Any CPU.Build.0 = Release|Any CPU
		{16B8DCA9-477E-4A6F-97C5-458E16E3EC5F}.Debug|Any CPU.ActiveCfg = Debug|Any CPU
		{16B8DCA9-477E-4A6F-97C5-458E16E3EC5F}.Debug|Any CPU.Build.0 = Debug|Any CPU
		{16B8DCA9-477E-4A6F-97C5-458E16E3EC5F}.Release|Any CPU.ActiveCfg = Release|Any CPU
		{16B8DCA9-477E-4A6F-97C5-458E16E3EC5F}.Release|Any CPU.Build.0 = Release|Any CPU
		{4E1C432B-10E1-456A-858A-362F96A1D14B}.Debug|Any CPU.ActiveCfg = Debug|Any CPU
		{4E1C432B-10E1-456A-858A-362F96A1D14B}.Debug|Any CPU.Build.0 = Debug|Any CPU
		{4E1C432B-10E1-456A-858A-362F96A1D14B}.Release|Any CPU.ActiveCfg = Release|Any CPU
		{4E1C432B-10E1-456A-858A-362F96A1D14B}.Release|Any CPU.Build.0 = Release|Any CPU
		{1B7C611E-5B76-4862-B5A3-95A13FFADEDD}.Debug|Any CPU.ActiveCfg = Debug|Any CPU
		{1B7C611E-5B76-4862-B5A3-95A13FFADEDD}.Debug|Any CPU.Build.0 = Debug|Any CPU
		{1B7C611E-5B76-4862-B5A3-95A13FFADEDD}.Release|Any CPU.ActiveCfg = Release|Any CPU
		{1B7C611E-5B76-4862-B5A3-95A13FFADEDD}.Release|Any CPU.Build.0 = Release|Any CPU
		{B2BB90EA-A789-48AA-A68D-C5F4B3502CF2}.Debug|Any CPU.ActiveCfg = Debug|Any CPU
		{B2BB90EA-A789-48AA-A68D-C5F4B3502CF2}.Debug|Any CPU.Build.0 = Debug|Any CPU
		{B2BB90EA-A789-48AA-A68D-C5F4B3502CF2}.Release|Any CPU.ActiveCfg = Release|Any CPU
		{B2BB90EA-A789-48AA-A68D-C5F4B3502CF2}.Release|Any CPU.Build.0 = Release|Any CPU
		{2BA49531-2B90-4717-BACB-B2E7078CE3B4}.Debug|Any CPU.ActiveCfg = Debug|Any CPU
		{2BA49531-2B90-4717-BACB-B2E7078CE3B4}.Debug|Any CPU.Build.0 = Debug|Any CPU
		{2BA49531-2B90-4717-BACB-B2E7078CE3B4}.Release|Any CPU.ActiveCfg = Release|Any CPU
		{2BA49531-2B90-4717-BACB-B2E7078CE3B4}.Release|Any CPU.Build.0 = Release|Any CPU
	EndGlobalSection
	GlobalSection(SolutionProperties) = preSolution
		HideSolutionNode = FALSE
	EndGlobalSection
	GlobalSection(NestedProjects) = preSolution
		{E5D14475-949F-4FC7-8210-E360F479B52C} = {C85B36E2-BD70-464B-A4E6-E111621F35DA}
		{D65805FD-65FD-4C1C-BC4B-72C638DD7A69} = {72D495B7-B8AA-4446-8276-D9616308FC43}
		{039F8EF6-9FDC-45E2-AC0A-1A427298FDD3} = {F452DFA4-0DBB-498E-A26D-BB0F42BAD183}
		{C24D641F-1254-4D33-88AF-DA498CD34E65} = {F452DFA4-0DBB-498E-A26D-BB0F42BAD183}
		{347277D7-6342-4814-8BDB-4B792443FFD3} = {F452DFA4-0DBB-498E-A26D-BB0F42BAD183}
		{B82454FB-7323-4DE9-A7AD-B903B9040B55} = {C85B36E2-BD70-464B-A4E6-E111621F35DA}
		{0C8BF960-6AF5-42AF-9268-0EF002DD6FE5} = {72D495B7-B8AA-4446-8276-D9616308FC43}
		{5CF25BE0-A01C-43AC-AC46-3D2D35304C5F} = {F31AFB7D-193C-4EE9-94AE-8021A7FA3E16}
		{DA5EA6B5-1C12-40CB-9511-0AF3AE473E77} = {F452DFA4-0DBB-498E-A26D-BB0F42BAD183}
		{85E7184B-C552-4E30-B205-1B1122EBBCFC} = {F452DFA4-0DBB-498E-A26D-BB0F42BAD183}
		{D9369408-BE90-421C-9DD5-3397BB1A4140} = {DA5EA6B5-1C12-40CB-9511-0AF3AE473E77}
		{16B8DCA9-477E-4A6F-97C5-458E16E3EC5F} = {DA5EA6B5-1C12-40CB-9511-0AF3AE473E77}
		{4E1C432B-10E1-456A-858A-362F96A1D14B} = {85E7184B-C552-4E30-B205-1B1122EBBCFC}
		{1B7C611E-5B76-4862-B5A3-95A13FFADEDD} = {85E7184B-C552-4E30-B205-1B1122EBBCFC}
		{F31AFB7D-193C-4EE9-94AE-8021A7FA3E16} = {ADE31DBC-22F2-4FD7-B694-F6CE9557A0BB}
		{72D495B7-B8AA-4446-8276-D9616308FC43} = {ADE31DBC-22F2-4FD7-B694-F6CE9557A0BB}
		{2C204E51-2F52-467C-9C8E-3FF86E2C1AB1} = {F31AFB7D-193C-4EE9-94AE-8021A7FA3E16}
		{B2BB90EA-A789-48AA-A68D-C5F4B3502CF2} = {2C204E51-2F52-467C-9C8E-3FF86E2C1AB1}
		{2BA49531-2B90-4717-BACB-B2E7078CE3B4} = {2C204E51-2F52-467C-9C8E-3FF86E2C1AB1}
	EndGlobalSection
EndGlobal
